<?xml version="1.0" encoding="utf-8"?>
<Project ToolsVersion="4.0" xmlns="http://schemas.microsoft.com/developer/msbuild/2003">
  <ItemGroup>
    <Filter Include="资源文件">
      <UniqueIdentifier>{67DA6AB6-F800-4c08-8B7A-83BB121AAD01}</UniqueIdentifier>
      <Extensions>rc;ico;cur;bmp;dlg;rc2;rct;bin;rgs;gif;jpg;jpeg;jpe;resx;tiff;tif;png;wav;mfcribbon-ms</Extensions>
    </Filter>
    <Filter Include="draw_graphic">
      <UniqueIdentifier>{cb4047df-86e5-46d3-90a6-4f9aea277782}</UniqueIdentifier>
    </Filter>
    <Filter Include="game">
      <UniqueIdentifier>{33edea2f-8528-4689-8c55-317b5d7b80c6}</UniqueIdentifier>
    </Filter>
    <Filter Include="structure">
      <UniqueIdentifier>{275dfca0-1129-4ea4-8b7c-4eec926aab5e}</UniqueIdentifier>
    </Filter>
    <Filter Include="misc_function">
      <UniqueIdentifier>{4501fe5a-10c5-41b3-add9-4d75501b07b2}</UniqueIdentifier>
    </Filter>
  </ItemGroup>
  <ItemGroup>
    <ClCompile Include="draw_graphic\draw_graphic.cpp">
      <Filter>draw_graphic</Filter>
    </ClCompile>
    <ClCompile Include="game\game.cpp">
      <Filter>game</Filter>
    </ClCompile>
    <ClCompile Include="misc_function\misc_function.cpp">
      <Filter>misc_function</Filter>
    </ClCompile>
    <ClCompile Include="structure\structure.cpp">
      <Filter>structure</Filter>
    </ClCompile>
  </ItemGroup>
  <ItemGroup>
    <ClInclude Include="draw_graphic\draw_graphic.h">
      <Filter>draw_graphic</Filter>
    </ClInclude>
    <ClInclude Include="misc_function\misc_function.h">
      <Filter>misc_function</Filter>
    </ClInclude>
    <ClInclude Include="structure\structure.h">
      <Filter>structure</Filter>
    </ClInclude>
  </ItemGroup>
  <ItemGroup>
    <Media Include="res\sunshine.wav">
      <Filter>资源文件</Filter>
    </Media>
    <Media Include="res\win.mp3">
      <Filter>资源文件</Filter>
    </Media>
    <Media Include="res\lose.mp3">
      <Filter>资源文件</Filter>
    </Media>
    <Media Include="res\sunshine.mp3">
      <Filter>资源文件</Filter>
    </Media>
    <Media Include="res\bg.MP3">
      <Filter>资源文件</Filter>
    </Media>
  </ItemGroup>
  <ItemGroup>
    <Image Include="res\bar5.png">
      <Filter>资源文件</Filter>
    </Image>
    <Image Include="res\bar4.png">
      <Filter>资源文件</Filter>
    </Image>
    <Image Include="res\bar.png">
      <Filter>资源文件</Filter>
    </Image>
    <Image Include="res\bar3.png">
      <Filter>资源文件</Filter>
    </Image>
    <Image Include="res\win2.png">
      <Filter>资源文件</Filter>
    </Image>
    <Image Include="res\fail2.png">
      <Filter>资源文件</Filter>
    </Image>
    <Image Include="res\gameWin.png">
      <Filter>资源文件</Filter>
    </Image>
    <Image Include="res\gameFail.png">
      <Filter>资源文件</Filter>
    </Image>
    <Image Include="res\Zombie男仆-植物大战僵尸_爱给网_aigei_com.jpg">
      <Filter>资源文件</Filter>
    </Image>
    <Image Include="res\win.png">
      <Filter>资源文件</Filter>
    </Image>
    <Image Include="res\menu2.png">
      <Filter>资源文件</Filter>
    </Image>
    <Image Include="res\menu1.png">
      <Filter>资源文件</Filter>
    </Image>
    <Image Include="res\bar2.png">
      <Filter>资源文件</Filter>
    </Image>
    <Image Include="res\Adventure_0.png">
      <Filter>资源文件</Filter>
    </Image>
    <Image Include="res\Adventure_1.png">
      <Filter>资源文件</Filter>
    </Image>
    <Image Include="res\menu.png">
      <Filter>资源文件</Filter>
    </Image>
    <Image Include="res\bg.jpg">
      <Filter>资源文件</Filter>
    </Image>
  </ItemGroup>
  <ItemGroup>
    <None Include="res\补充素材.zip">
      <Filter>资源文件</Filter>
    </None>
  </ItemGroup>
</Project>